
Microsoft Visual Studio Solution File, Format Version 12.00
Project("{FAE04EC0-301F-11D3-BF4B-00C04F79EFBC}") = "LearningCSharp", "LearningCSharp\LearningCSharp.csproj", "{AC463CC5-026F-4536-AFA9-427E60C085DB}"
EndProject
Project("{2150E333-8FDC-42A3-9474-1A3956D46DE8}") = "Solution Items", "Solution Items", "{CF1A6702-B9C7-428D-B371-0480F14CB9C9}"
	ProjectSection(SolutionItems) = preProject
		compose.yaml = compose.yaml
	EndProjectSection
EndProject
Project("{FAE04EC0-301F-11D3-BF4B-00C04F79EFBC}") = "LearningMinimalAPI", "LearningMinimalAPI\LearningMinimalAPI.csproj", "{5ACDB7BA-34E4-47F7-B2B0-ED60A831A6EA}"
EndProject
Project("{FAE04EC0-301F-11D3-BF4B-00C04F79EFBC}") = "LearningAuth", "LearningAuth\LearningAuth.csproj", "{7A0601AD-0203-461A-8121-9D8341D1E67A}"
EndProject
Global
	GlobalSection(SolutionConfigurationPlatforms) = preSolution
		Debug|Any CPU = Debug|Any CPU
		Release|Any CPU = Release|Any CPU
	EndGlobalSection
	GlobalSection(ProjectConfigurationPlatforms) = postSolution
		{AC463CC5-026F-4536-AFA9-427E60C085DB}.Debug|Any CPU.ActiveCfg = Debug|Any CPU
		{AC463CC5-026F-4536-AFA9-427E60C085DB}.Debug|Any CPU.Build.0 = Debug|Any CPU
		{AC463CC5-026F-4536-AFA9-427E60C085DB}.Release|Any CPU.ActiveCfg = Release|Any CPU
		{AC463CC5-026F-4536-AFA9-427E60C085DB}.Release|Any CPU.Build.0 = Release|Any CPU
		{5ACDB7BA-34E4-47F7-B2B0-ED60A831A6EA}.Debug|Any CPU.ActiveCfg = Debug|Any CPU
		{5ACDB7BA-34E4-47F7-B2B0-ED60A831A6EA}.Debug|Any CPU.Build.0 = Debug|Any CPU
		{5ACDB7BA-34E4-47F7-B2B0-ED60A831A6EA}.Release|Any CPU.ActiveCfg = Release|Any CPU
		{5ACDB7BA-34E4-47F7-B2B0-ED60A831A6EA}.Release|Any CPU.Build.0 = Release|Any CPU
		{7A0601AD-0203-461A-8121-9D8341D1E67A}.Debug|Any CPU.ActiveCfg = Debug|Any CPU
		{7A0601AD-0203-461A-8121-9D8341D1E67A}.Debug|Any CPU.Build.0 = Debug|Any CPU
		{7A0601AD-0203-461A-8121-9D8341D1E67A}.Release|Any CPU.ActiveCfg = Release|Any CPU
		{7A0601AD-0203-461A-8121-9D8341D1E67A}.Release|Any CPU.Build.0 = Release|Any CPU
	EndGlobalSection
EndGlobal
