
Microsoft Visual Studio Solution File, Format Version 12.00
# Visual Studio Version 17
VisualStudioVersion = 17.14.36105.17
MinimumVisualStudioVersion = 10.0.40219.1
Project("{2150E333-8FDC-42A3-9474-1A3956D46DE8}") = "Solution Items", "Solution Items", "{CF1A6702-B9C7-428D-B371-0480F14CB9C9}"
	ProjectSection(SolutionItems) = preProject
		compose.yaml = compose.yaml
	EndProjectSection
EndProject
Project("{FAE04EC0-301F-11D3-BF4B-00C04F79EFBC}") = "LearningMinimalAPI", "LearningMinimalAPI\LearningMinimalAPI.csproj", "{5ACDB7BA-34E4-47F7-B2B0-ED60A831A6EA}"
EndProject
Project("{FAE04EC0-301F-11D3-BF4B-00C04F79EFBC}") = "LearningAuth", "LearningAuth\LearningAuth.csproj", "{7A0601AD-0203-461A-8121-9D8341D1E67A}"
EndProject
Project("{FAE04EC0-301F-11D3-BF4B-00C04F79EFBC}") = "LearningControllers", "LearningControllers\LearningControllers.csproj", "{DEB06C05-0E2A-4113-A210-3C6127C08AA9}"
EndProject
Project("{FAE04EC0-301F-11D3-BF4B-00C04F79EFBC}") = "LearningPublicationAtAzure", "LearningPublicationAtAzure\LearningPublicationAtAzure.csproj", "{8FAE7CD7-27D1-4E79-A3F2-F8D218E5FBC0}"
EndProject
Project("{FAE04EC0-301F-11D3-BF4B-00C04F79EFBC}") = "LearningEntityFramework", "LearningEntityFramework\LearningEntityFramework.csproj", "{CCEB2BEC-AF0F-4DC7-AC6B-11469FD42BFB}"
EndProject
Project("{FAE04EC0-301F-11D3-BF4B-00C04F79EFBC}") = "LearningEntityFrameworkNorthwind", "LearningEntityFrameworkNorthwind\LearningEntityFrameworkNorthwind.csproj", "{BE6912AE-9AD4-448D-A239-921B48860278}"
EndProject
Project("{FAE04EC0-301F-11D3-BF4B-00C04F79EFBC}") = "LearningTest", "LearningTest\LearningTest.csproj", "{8C29965B-77F2-48A9-8346-E083EDB16DDE}"
EndProject
Project("{FAE04EC0-301F-11D3-BF4B-00C04F79EFBC}") = "LearningTest.GUI", "LearningTest.GUI\LearningTest.GUI.csproj", "{0B4991C1-565B-466B-9DE7-E3E9EBC0E423}"
EndProject
Project("{FAE04EC0-301F-11D3-BF4B-00C04F79EFBC}") = "LearningTest.Tests", "LearningTest.Tests\LearningTest.Tests.csproj", "{001031AE-D05C-4F4F-95E9-DC358E7F63B9}"
EndProject
Project("{FAE04EC0-301F-11D3-BF4B-00C04F79EFBC}") = "LearningAttributesAndReflection", "LearningAttributesAndReflection\LearningAttributesAndReflection.csproj", "{7DC52010-DC57-4B26-A037-CB632A92FDC5}"
EndProject
Project("{FAE04EC0-301F-11D3-BF4B-00C04F79EFBC}") = "LearningSignalR", "LearningSignalR\LearningSignalR.csproj", "{C290C649-3E20-4A4E-9FF2-CE8467A0FCAD}"
EndProject
Global
	GlobalSection(SolutionConfigurationPlatforms) = preSolution
		Debug|Any CPU = Debug|Any CPU
		Release|Any CPU = Release|Any CPU
	EndGlobalSection
	GlobalSection(ProjectConfigurationPlatforms) = postSolution
		{5ACDB7BA-34E4-47F7-B2B0-ED60A831A6EA}.Debug|Any CPU.ActiveCfg = Debug|Any CPU
		{5ACDB7BA-34E4-47F7-B2B0-ED60A831A6EA}.Debug|Any CPU.Build.0 = Debug|Any CPU
		{5ACDB7BA-34E4-47F7-B2B0-ED60A831A6EA}.Release|Any CPU.ActiveCfg = Release|Any CPU
		{5ACDB7BA-34E4-47F7-B2B0-ED60A831A6EA}.Release|Any CPU.Build.0 = Release|Any CPU
		{7A0601AD-0203-461A-8121-9D8341D1E67A}.Debug|Any CPU.ActiveCfg = Debug|Any CPU
		{7A0601AD-0203-461A-8121-9D8341D1E67A}.Debug|Any CPU.Build.0 = Debug|Any CPU
		{7A0601AD-0203-461A-8121-9D8341D1E67A}.Release|Any CPU.ActiveCfg = Release|Any CPU
		{7A0601AD-0203-461A-8121-9D8341D1E67A}.Release|Any CPU.Build.0 = Release|Any CPU
		{DEB06C05-0E2A-4113-A210-3C6127C08AA9}.Debug|Any CPU.ActiveCfg = Debug|Any CPU
		{DEB06C05-0E2A-4113-A210-3C6127C08AA9}.Debug|Any CPU.Build.0 = Debug|Any CPU
		{DEB06C05-0E2A-4113-A210-3C6127C08AA9}.Release|Any CPU.ActiveCfg = Release|Any CPU
		{DEB06C05-0E2A-4113-A210-3C6127C08AA9}.Release|Any CPU.Build.0 = Release|Any CPU
		{8FAE7CD7-27D1-4E79-A3F2-F8D218E5FBC0}.Debug|Any CPU.ActiveCfg = Debug|Any CPU
		{8FAE7CD7-27D1-4E79-A3F2-F8D218E5FBC0}.Debug|Any CPU.Build.0 = Debug|Any CPU
		{8FAE7CD7-27D1-4E79-A3F2-F8D218E5FBC0}.Release|Any CPU.ActiveCfg = Release|Any CPU
		{8FAE7CD7-27D1-4E79-A3F2-F8D218E5FBC0}.Release|Any CPU.Build.0 = Release|Any CPU
		{CCEB2BEC-AF0F-4DC7-AC6B-11469FD42BFB}.Debug|Any CPU.ActiveCfg = Debug|Any CPU
		{CCEB2BEC-AF0F-4DC7-AC6B-11469FD42BFB}.Debug|Any CPU.Build.0 = Debug|Any CPU
		{CCEB2BEC-AF0F-4DC7-AC6B-11469FD42BFB}.Release|Any CPU.ActiveCfg = Release|Any CPU
		{CCEB2BEC-AF0F-4DC7-AC6B-11469FD42BFB}.Release|Any CPU.Build.0 = Release|Any CPU
		{BE6912AE-9AD4-448D-A239-921B48860278}.Debug|Any CPU.ActiveCfg = Debug|Any CPU
		{BE6912AE-9AD4-448D-A239-921B48860278}.Debug|Any CPU.Build.0 = Debug|Any CPU
		{BE6912AE-9AD4-448D-A239-921B48860278}.Release|Any CPU.ActiveCfg = Release|Any CPU
		{BE6912AE-9AD4-448D-A239-921B48860278}.Release|Any CPU.Build.0 = Release|Any CPU
		{8C29965B-77F2-48A9-8346-E083EDB16DDE}.Debug|Any CPU.ActiveCfg = Debug|Any CPU
		{8C29965B-77F2-48A9-8346-E083EDB16DDE}.Debug|Any CPU.Build.0 = Debug|Any CPU
		{8C29965B-77F2-48A9-8346-E083EDB16DDE}.Release|Any CPU.ActiveCfg = Release|Any CPU
		{8C29965B-77F2-48A9-8346-E083EDB16DDE}.Release|Any CPU.Build.0 = Release|Any CPU
		{0B4991C1-565B-466B-9DE7-E3E9EBC0E423}.Debug|Any CPU.ActiveCfg = Debug|Any CPU
		{0B4991C1-565B-466B-9DE7-E3E9EBC0E423}.Debug|Any CPU.Build.0 = Debug|Any CPU
		{0B4991C1-565B-466B-9DE7-E3E9EBC0E423}.Release|Any CPU.ActiveCfg = Release|Any CPU
		{0B4991C1-565B-466B-9DE7-E3E9EBC0E423}.Release|Any CPU.Build.0 = Release|Any CPU
		{001031AE-D05C-4F4F-95E9-DC358E7F63B9}.Debug|Any CPU.ActiveCfg = Debug|Any CPU
		{001031AE-D05C-4F4F-95E9-DC358E7F63B9}.Debug|Any CPU.Build.0 = Debug|Any CPU
		{001031AE-D05C-4F4F-95E9-DC358E7F63B9}.Release|Any CPU.ActiveCfg = Release|Any CPU
		{001031AE-D05C-4F4F-95E9-DC358E7F63B9}.Release|Any CPU.Build.0 = Release|Any CPU
		{7DC52010-DC57-4B26-A037-CB632A92FDC5}.Debug|Any CPU.ActiveCfg = Debug|Any CPU
		{7DC52010-DC57-4B26-A037-CB632A92FDC5}.Debug|Any CPU.Build.0 = Debug|Any CPU
		{7DC52010-DC57-4B26-A037-CB632A92FDC5}.Release|Any CPU.ActiveCfg = Release|Any CPU
		{7DC52010-DC57-4B26-A037-CB632A92FDC5}.Release|Any CPU.Build.0 = Release|Any CPU
		{C290C649-3E20-4A4E-9FF2-CE8467A0FCAD}.Debug|Any CPU.ActiveCfg = Debug|Any CPU
		{C290C649-3E20-4A4E-9FF2-CE8467A0FCAD}.Debug|Any CPU.Build.0 = Debug|Any CPU
		{C290C649-3E20-4A4E-9FF2-CE8467A0FCAD}.Release|Any CPU.ActiveCfg = Release|Any CPU
		{C290C649-3E20-4A4E-9FF2-CE8467A0FCAD}.Release|Any CPU.Build.0 = Release|Any CPU
	EndGlobalSection
	GlobalSection(SolutionProperties) = preSolution
		HideSolutionNode = FALSE
	EndGlobalSection
	GlobalSection(ExtensibilityGlobals) = postSolution
		SolutionGuid = {B15C9DB8-056E-42D8-A082-7BB2EF70825C}
	EndGlobalSection
EndGlobal
